
Microsoft Visual Studio Solution File, Format Version 12.00
# Visual Studio Version 17
VisualStudioVersion = 17.4.33103.184
MinimumVisualStudioVersion = 10.0.40219.1
Project("{FAE04EC0-301F-11D3-BF4B-00C04F79EFBC}") = "ConsoleApp319", "ConsoleApp319.csproj", "{EA575EB2-9CA3-4C0D-9AEE-68F492B230F4}"
EndProject
Global
	GlobalSection(SolutionConfigurationPlatforms) = preSolution
		Debug|Any CPU = Debug|Any CPU
		Release|Any CPU = Release|Any CPU
	EndGlobalSection
	GlobalSection(ProjectConfigurationPlatforms) = postSolution
		{EA575EB2-9CA3-4C0D-9AEE-68F492B230F4}.Debug|Any CPU.ActiveCfg = Debug|Any CPU
		{EA575EB2-9CA3-4C0D-9AEE-68F492B230F4}.Debug|Any CPU.Build.0 = Debug|Any CPU
		{EA575EB2-9CA3-4C0D-9AEE-68F492B230F4}.Release|Any CPU.ActiveCfg = Release|Any CPU
		{EA575EB2-9CA3-4C0D-9AEE-68F492B230F4}.Release|Any CPU.Build.0 = Release|Any CPU
	EndGlobalSection
	GlobalSection(SolutionProperties) = preSolution
		HideSolutionNode = FALSE
	EndGlobalSection
	GlobalSection(ExtensibilityGlobals) = postSolution
		SolutionGuid = {B474BCE1-70DD-4344-9DBF-EA4B491161C5}
	EndGlobalSection
EndGlobal
